Microsoft Visual Studio Solution File, Format Version 12.00
# Visual Studio Version 16
VisualStudioVersion = 16.0.29025.244
MinimumVisualStudioVersion = 10.0.40219.1
Project("{2150E333-8FDC-42A3-9474-1A3956D46DE8}") = "Build", "Build", "{7A7F9514-C48D-4521-9A8F-165DF39B23F7}"
	ProjectSection(SolutionItems) = preProject
		bootstrap.ps1 = bootstrap.ps1
		build.cmd = build.cmd
		build.ps1 = build.ps1
		Directory.Build.props = Directory.Build.props
		build\repo.props = build\repo.props
		build\sources.props = build\sources.props
		version.props = version.props
	EndProjectSection
EndProject
Project("{9A19103F-16F7-4668-BE54-9A1E7A4F7556}") = "Csg.Data.Dapper", "Csg.Data.Dapper\Csg.Data.Dapper.csproj", "{533F4E01-AA6B-449D-B57D-D6FBCAEDA1B2}"
EndProject
Global
	GlobalSection(SolutionConfigurationPlatforms) = preSolution
		Debug|Any CPU = Debug|Any CPU
		Release|Any CPU = Release|Any CPU
	EndGlobalSection
	GlobalSection(ProjectConfigurationPlatforms) = postSolution
		{533F4E01-AA6B-449D-B57D-D6FBCAEDA1B2}.Debug|Any CPU.ActiveCfg = Debug|Any CPU
		{533F4E01-AA6B-449D-B57D-D6FBCAEDA1B2}.Debug|Any CPU.Build.0 = Debug|Any CPU
		{533F4E01-AA6B-449D-B57D-D6FBCAEDA1B2}.Release|Any CPU.ActiveCfg = Release|Any CPU
		{533F4E01-AA6B-449D-B57D-D6FBCAEDA1B2}.Release|Any CPU.Build.0 = Release|Any CPU
	EndGlobalSection
	GlobalSection(SolutionProperties) = preSolution
		HideSolutionNode = FALSE
	EndGlobalSection
	GlobalSection(ExtensibilityGlobals) = postSolution
		SolutionGuid = {EF6E99CA-4F1F-43A4-90A9-4CCC82192097}
	EndGlobalSection
	GlobalSection(TestCaseManagementSettings) = postSolution
		CategoryFile = Csg.Core.vsmdi
	EndGlobalSection
EndGlobal
